
Microsoft Visual Studio Solution File, Format Version 12.00
# Visual Studio 15
VisualStudioVersion = 15.0.28010.2048
MinimumVisualStudioVersion = 10.0.40219.1
Project("{FAE04EC0-301F-11D3-BF4B-00C04F79EFBC}") = "WordAutomation_01", "WordAutomation_01\WordAutomation_01.csproj", "{87604132-FD9E-4B47-B529-4EB0675CDAAA}"
EndProject
Global
	GlobalSection(SolutionConfigurationPlatforms) = preSolution
		Debug|Any CPU = Debug|Any CPU
		Release|Any CPU = Release|Any CPU
	EndGlobalSection
	GlobalSection(ProjectConfigurationPlatforms) = postSolution
		{87604132-FD9E-4B47-B529-4EB0675CDAAA}.Debug|Any CPU.ActiveCfg = Debug|Any CPU
		{87604132-FD9E-4B47-B529-4EB0675CDAAA}.Debug|Any CPU.Build.0 = Debug|Any CPU
		{87604132-FD9E-4B47-B529-4EB0675CDAAA}.Release|Any CPU.ActiveCfg = Release|Any CPU
		{87604132-FD9E-4B47-B529-4EB0675CDAAA}.Release|Any CPU.Build.0 = Release|Any CPU
	EndGlobalSection
	GlobalSection(SolutionProperties) = preSolution
		HideSolutionNode = FALSE
	EndGlobalSection
	GlobalSection(ExtensibilityGlobals) = postSolution
		SolutionGuid = {7B2E2B27-EA0C-4AF7-B81E-AE22C9B92813}
	EndGlobalSection
EndGlobal
